
Microsoft Visual Studio Solution File, Format Version 12.00
# Visual Studio Version 16
VisualStudioVersion = 16.0.33214.272
MinimumVisualStudioVersion = 10.0.40219.1
Project("{F184B08F-C81C-45F6-A57F-5ABD9991F28F}") = "Reportes", "Reportes\Reportes.vbproj", "{A18601F9-1D9F-4F01-9B3C-FC90E492C697}"
EndProject
Global
	GlobalSection(SolutionConfigurationPlatforms) = preSolution
		Debug|Any CPU = Debug|Any CPU
		Release|Any CPU = Release|Any CPU
	EndGlobalSection
	GlobalSection(ProjectConfigurationPlatforms) = postSolution
		{A18601F9-1D9F-4F01-9B3C-FC90E492C697}.Debug|Any CPU.ActiveCfg = Debug|Any CPU
		{A18601F9-1D9F-4F01-9B3C-FC90E492C697}.Debug|Any CPU.Build.0 = Debug|Any CPU
		{A18601F9-1D9F-4F01-9B3C-FC90E492C697}.Release|Any CPU.ActiveCfg = Release|Any CPU
		{A18601F9-1D9F-4F01-9B3C-FC90E492C697}.Release|Any CPU.Build.0 = Release|Any CPU
	EndGlobalSection
	GlobalSection(SolutionProperties) = preSolution
		HideSolutionNode = FALSE
	EndGlobalSection
	GlobalSection(ExtensibilityGlobals) = postSolution
		SolutionGuid = {6DF7E347-9BFA-4D66-95EE-07F4B0613396}
	EndGlobalSection
EndGlobal
